
Microsoft Visual Studio Solution File, Format Version 11.00
# Visual Studio 2010
Project("{FAE04EC0-301F-11D3-BF4B-00C04F79EFBC}") = "Wikitude.iOS", "Wikitude.iOS.csproj", "{273637CB-AC56-4C20-B57A-CCB74E2C19E4}"
EndProject
Global
	GlobalSection(SolutionConfigurationPlatforms) = preSolution
		Debug|iPhoneSimulator = Debug|iPhoneSimulator
		Release|iPhoneSimulator = Release|iPhoneSimulator
		Debug|iPhone = Debug|iPhone
		Release|iPhone = Release|iPhone
		Ad-Hoc|iPhone = Ad-Hoc|iPhone
		AppStore|iPhone = AppStore|iPhone
	EndGlobalSection
	GlobalSection(ProjectConfigurationPlatforms) = postSolution
		{273637CB-AC56-4C20-B57A-CCB74E2C19E4}.Ad-Hoc|iPhone.ActiveCfg = Debug|Any CPU
		{273637CB-AC56-4C20-B57A-CCB74E2C19E4}.Ad-Hoc|iPhone.Build.0 = Debug|Any CPU
		{273637CB-AC56-4C20-B57A-CCB74E2C19E4}.AppStore|iPhone.ActiveCfg = Debug|Any CPU
		{273637CB-AC56-4C20-B57A-CCB74E2C19E4}.AppStore|iPhone.Build.0 = Debug|Any CPU
		{273637CB-AC56-4C20-B57A-CCB74E2C19E4}.Debug|iPhone.ActiveCfg = Debug|Any CPU
		{273637CB-AC56-4C20-B57A-CCB74E2C19E4}.Debug|iPhone.Build.0 = Debug|Any CPU
		{273637CB-AC56-4C20-B57A-CCB74E2C19E4}.Debug|iPhoneSimulator.ActiveCfg = Debug|Any CPU
		{273637CB-AC56-4C20-B57A-CCB74E2C19E4}.Debug|iPhoneSimulator.Build.0 = Debug|Any CPU
		{273637CB-AC56-4C20-B57A-CCB74E2C19E4}.Release|iPhone.ActiveCfg = Release|Any CPU
		{273637CB-AC56-4C20-B57A-CCB74E2C19E4}.Release|iPhone.Build.0 = Release|Any CPU
		{273637CB-AC56-4C20-B57A-CCB74E2C19E4}.Release|iPhoneSimulator.ActiveCfg = Release|Any CPU
		{273637CB-AC56-4C20-B57A-CCB74E2C19E4}.Release|iPhoneSimulator.Build.0 = Release|Any CPU
	EndGlobalSection
	GlobalSection(MonoDevelopProperties) = preSolution
		StartupItem = Wikitude.iOS.csproj
	EndGlobalSection
EndGlobal
